PODS:
  - Action (3.1.1):
    - RxCocoa (~> 3.4)
    - RxSwift (~> 3.4)
  - Realm (2.7.0):
    - Realm/Headers (= 2.7.0)
  - Realm/Headers (2.7.0)
  - RealmSwift (2.7.0):
    - Realm (= 2.7.0)
  - RxCocoa (3.5.0):
    - RxSwift (~> 3.4)
  - RxDataSources (1.0.3):
    - RxCocoa (~> 3.0)
    - RxSwift (~> 3.0)
  - RxRealm (0.6.0):
    - RealmSwift (~> 2.5)
    - RxSwift (~> 3.2)
  - RxSwift (3.5.0)
  - Unbox (2.4.0)

DEPENDENCIES:
  - Action
  - RealmSwift
  - RxCocoa
  - RxDataSources
  - RxRealm
  - RxSwift
  - Unbox

SPEC CHECKSUMS:
  Action: e224bd151fe2e057f4189b4a9df0dc5d21264a9e
  Realm: 07e5d3a9e0e41d65fd5f9f05150ed6295d0f093b
  RealmSwift: 6d06425d3900c86473c4f323bf6949b43fca22bc
  RxCocoa: a0a09f45d0e5b48ecb6a4a7b4b4c89c88d3f633f
  RxDataSources: a021a0e944ba5f7991259829d973afdbfa719c0b
  RxRealm: 323de579b50b5e0f4a3e087d5925021f976ffaf1
  RxSwift: 18ee9d78b45edb3b0b7e79916b47a116e6dbc842
  Unbox: c8b2ab69d3337597b4a3f47a0538807dc12db670

PODFILE CHECKSUM: 1a1c893b0822fbeead6b795dc9459a306172bb4d

COCOAPODS: 1.1.1
